
Microsoft Visual Studio Solution File, Format Version 12.00
# Visual Studio Version 17
VisualStudioVersion = 17.9.34902.65
MinimumVisualStudioVersion = 10.0.40219.1
Project("{FAE04EC0-301F-11D3-BF4B-00C04F79EFBC}") = "API", "ExcelBdPatientManagment\API.csproj", "{79B07565-A4AC-486C-AE50-79D347D36752}"
EndProject
Project("{FAE04EC0-301F-11D3-BF4B-00C04F79EFBC}") = "Common", "Common\Common.csproj", "{29702938-42ED-48FA-AEC9-8F8BE4A519C9}"
EndProject
Global
	GlobalSection(SolutionConfigurationPlatforms) = preSolution
		Debug|Any CPU = Debug|Any CPU
		Release|Any CPU = Release|Any CPU
	EndGlobalSection
	GlobalSection(ProjectConfigurationPlatforms) = postSolution
		{79B07565-A4AC-486C-AE50-79D347D36752}.Debug|Any CPU.ActiveCfg = Debug|Any CPU
		{79B07565-A4AC-486C-AE50-79D347D36752}.Debug|Any CPU.Build.0 = Debug|Any CPU
		{79B07565-A4AC-486C-AE50-79D347D36752}.Release|Any CPU.ActiveCfg = Release|Any CPU
		{79B07565-A4AC-486C-AE50-79D347D36752}.Release|Any CPU.Build.0 = Release|Any CPU
		{29702938-42ED-48FA-AEC9-8F8BE4A519C9}.Debug|Any CPU.ActiveCfg = Debug|Any CPU
		{29702938-42ED-48FA-AEC9-8F8BE4A519C9}.Debug|Any CPU.Build.0 = Debug|Any CPU
		{29702938-42ED-48FA-AEC9-8F8BE4A519C9}.Release|Any CPU.ActiveCfg = Release|Any CPU
		{29702938-42ED-48FA-AEC9-8F8BE4A519C9}.Release|Any CPU.Build.0 = Release|Any CPU
	EndGlobalSection
	GlobalSection(SolutionProperties) = preSolution
		HideSolutionNode = FALSE
	EndGlobalSection
	GlobalSection(ExtensibilityGlobals) = postSolution
		SolutionGuid = {01B54ADA-247E-4224-85E7-97BD2DC89789}
	EndGlobalSection
EndGlobal
